// !$*UTF8*$!
{
	archiveVersion = 1;
	classes = {
	};
	objectVersion = 46;
	objects = {

/* Begin PBXBuildFile section */
		543339F11CE58C2100251088 /* AppDelegate.swift in Sources */ = {isa = PBXBuildFile; fileRef = 543339F01CE58C2100251088 /* AppDelegate.swift */; };
		543339F31CE58C2100251088 /* GameScene.sks in Resources */ = {isa = PBXBuildFile; fileRef = 543339F21CE58C2100251088 /* GameScene.sks */; };
		543339F51CE58C2100251088 /* GameScene.swift in Sources */ = {isa = PBXBuildFile; fileRef = 543339F41CE58C2100251088 /* GameScene.swift */; };
		543339F71CE58C2100251088 /* GameViewController.swift in Sources */ = {isa = PBXBuildFile; fileRef = 543339F61CE58C2100251088 /* GameViewController.swift */; };
		543339FA1CE58C2100251088 /* Main.storyboard in Resources */ = {isa = PBXBuildFile; fileRef = 543339F81CE58C2100251088 /* Main.storyboard */; };
		543339FC1CE58C2100251088 /* Assets.xcassets in Resources */ = {isa = PBXBuildFile; fileRef = 543339FB1CE58C2100251088 /* Assets.xcassets */; };
		543339FF1CE58C2100251088 /* LaunchScreen.storyboard in Resources */ = {isa = PBXBuildFile; fileRef = 543339FD1CE58C2100251088 /* LaunchScreen.storyboard */; };
		54333A0A1CE58C2100251088 /* FlappyCloneTests.swift in Sources */ = {isa = PBXBuildFile; fileRef = 54333A091CE58C2100251088 /* FlappyCloneTests.swift */; };
		54333A151CE58C2100251088 /* FlappyCloneUITests.swift in Sources */ = {isa = PBXBuildFile; fileRef = 54333A141CE58C2100251088 /* FlappyCloneUITests.swift */; };
		54AD09B41CE6569E003EFA8E /* RandomFunction.swift in Sources */ = {isa = PBXBuildFile; fileRef = 54AD09B31CE6569E003EFA8E /* RandomFunction.swift */; };
/* End PBXBuildFile section */

/* Begin PBXContainerItemProxy section */
		54333A061CE58C2100251088 /* PBXContainerItemProxy */ = {
			isa = PBXContainerItemProxy;
			containerPortal = 543339E51CE58C2100251088 /* Project object */;
			proxyType = 1;
			remoteGlobalIDString = 543339EC1CE58C2100251088;
			remoteInfo = FlappyClone;
		};
		54333A111CE58C2100251088 /* PBXContainerItemProxy */ = {
			isa = PBXContainerItemProxy;
			containerPortal = 543339E51CE58C2100251088 /* Project object */;
			proxyType = 1;
			remoteGlobalIDString = 543339EC1CE58C2100251088;
			remoteInfo = FlappyClone;
		};
/* End PBXContainerItemProxy section */

/* Begin PBXFileReference section */
		543339ED1CE58C2100251088 /* FlappyClone.app */ = {isa = PBXFileReference; explicitFileType = wrapper.application; includeInIndex = 0; path = FlappyClone.app; sourceTree = BUILT_PRODUCTS_DIR; };
		543339F01CE58C2100251088 /* AppDelegate.swift */ = {isa = PBXFileReference; lastKnownFileType = sourcecode.swift; path = AppDelegate.swift; sourceTree = "<group>"; };
		543339F21CE58C2100251088 /* GameScene.sks */ = {isa = PBXFileReference; lastKnownFileType = file.sks; path = GameScene.sks; sourceTree = "<group>"; };
		543339F41CE58C2100251088 /* GameScene.swift */ = {isa = PBXFileReference; lastKnownFileType = sourcecode.swift; path = GameScene.swift; sourceTree = "<group>"; };
		543339F61CE58C2100251088 /* GameViewController.swift */ = {isa = PBXFileReference; lastKnownFileType = sourcecode.swift; path = GameViewController.swift; sourceTree = "<group>"; };
		543339F91CE58C2100251088 /* Base */ = {isa = PBXFileReference; lastKnownFileType = file.storyboard; name = Base; path = Base.lproj/Main.storyboard; sourceTree = "<group>"; };
		543339FB1CE58C2100251088 /* Assets.xcassets */ = {isa = PBXFileReference; lastKnownFileType = folder.assetcatalog; path = Assets.xcassets; sourceTree = "<group>"; };
		543339FE1CE58C2100251088 /* Base */ = {isa = PBXFileReference; lastKnownFileType = file.storyboard; name = Base; path = Base.lproj/LaunchScreen.storyboard; sourceTree = "<group>"; };
		54333A001CE58C2100251088 /* Info.plist */ = {isa = PBXFileReference; lastKnownFileType = text.plist.xml; path = Info.plist; sourceTree = "<group>"; };
		54333A051CE58C2100251088 /* FlappyCloneTests.xctest */ = {isa = PBXFileReference; explicitFileType = wrapper.cfbundle; includeInIndex = 0; path = FlappyCloneTests.xctest; sourceTree = BUILT_PRODUCTS_DIR; };
		54333A091CE58C2100251088 /* FlappyCloneTests.swift */ = {isa = PBXFileReference; lastKnownFileType = sourcecode.swift; path = FlappyCloneTests.swift; sourceTree = "<group>"; };
		54333A0B1CE58C2100251088 /* Info.plist */ = {isa = PBXFileReference; lastKnownFileType = text.plist.xml; path = Info.plist; sourceTree = "<group>"; };
		54333A101CE58C2100251088 /* FlappyCloneUITests.xctest */ = {isa = PBXFileReference; explicitFileType = wrapper.cfbundle; includeInIndex = 0; path = FlappyCloneUITests.xctest; sourceTree = BUILT_PRODUCTS_DIR; };
		54333A141CE58C2100251088 /* FlappyCloneUITests.swift */ = {isa = PBXFileReference; lastKnownFileType = sourcecode.swift; path = FlappyCloneUITests.swift; sourceTree = "<group>"; };
		54333A161CE58C2100251088 /* Info.plist */ = {isa = PBXFileReference; lastKnownFileType = text.plist.xml; path = Info.plist; sourceTree = "<group>"; };
		54AD09B31CE6569E003EFA8E /* RandomFunction.swift */ = {isa = PBXFileReference; fileEncoding = 4; lastKnownFileType = sourcecode.swift; path = RandomFunction.swift; sourceTree = "<group>"; };
/* End PBXFileReference section */

/* Begin PBXFrameworksBuildPhase section */
		543339EA1CE58C2100251088 /* Frameworks */ = {
			isa = PBXFrameworksBuildPhase;
			buildActionMask = 2147483647;
			files = (
			);
			runOnlyForDeploymentPostprocessing = 0;
		};
		54333A021CE58C2100251088 /* Frameworks */ = {
			isa = PBXFrameworksBuildPhase;
			buildActionMask = 2147483647;
			files = (
			);
			runOnlyForDeploymentPostprocessing = 0;
		};
		54333A0D1CE58C2100251088 /* Frameworks */ = {
			isa = PBXFrameworksBuildPhase;
			buildActionMask = 2147483647;
			files = (
			);
			runOnlyForDeploymentPostprocessing = 0;
		};
/* End PBXFrameworksBuildPhase section */

/* Begin PBXGroup section */
		543339E41CE58C2100251088 = {
			isa = PBXGroup;
			children = (
				543339EF1CE58C2100251088 /* FlappyClone */,
				54333A081CE58C2100251088 /* FlappyCloneTests */,
				54333A131CE58C2100251088 /* FlappyCloneUITests */,
				543339EE1CE58C2100251088 /* Products */,
			);
			sourceTree = "<group>";
		};
		543339EE1CE58C2100251088 /* Products */ = {
			isa = PBXGroup;
			children = (
				543339ED1CE58C2100251088 /* FlappyClone.app */,
				54333A051CE58C2100251088 /* FlappyCloneTests.xctest */,
				54333A101CE58C2100251088 /* FlappyCloneUITests.xctest */,
			);
			name = Products;
			sourceTree = "<group>";
		};
		543339EF1CE58C2100251088 /* FlappyClone */ = {
			isa = PBXGroup;
			children = (
				543339F01CE58C2100251088 /* AppDelegate.swift */,
				543339F21CE58C2100251088 /* GameScene.sks */,
				543339F41CE58C2100251088 /* GameScene.swift */,
				54AD09B31CE6569E003EFA8E /* RandomFunction.swift */,
				543339F61CE58C2100251088 /* GameViewController.swift */,
				543339F81CE58C2100251088 /* Main.storyboard */,
				543339FB1CE58C2100251088 /* Assets.xcassets */,
				543339FD1CE58C2100251088 /* LaunchScreen.storyboard */,
				54333A001CE58C2100251088 /* Info.plist */,
			);
			path = FlappyClone;
			sourceTree = "<group>";
		};
		54333A081CE58C2100251088 /* FlappyCloneTests */ = {
			isa = PBXGroup;
			children = (
				54333A091CE58C2100251088 /* FlappyCloneTests.swift */,
				54333A0B1CE58C2100251088 /* Info.plist */,
			);
			path = FlappyCloneTests;
			sourceTree = "<group>";
		};
		54333A131CE58C2100251088 /* FlappyCloneUITests */ = {
			isa = PBXGroup;
			children = (
				54333A141CE58C2100251088 /* FlappyCloneUITests.swift */,
				54333A161CE58C2100251088 /* Info.plist */,
			);
			path = FlappyCloneUITests;
			sourceTree = "<group>";
		};
/* End PBXGroup section */

/* Begin PBXNativeTarget section */
		543339EC1CE58C2100251088 /* FlappyClone */ = {
			isa = PBXNativeTarget;
			buildConfigurationList = 54333A191CE58C2100251088 /* Build configuration list for PBXNativeTarget "FlappyClone" */;
			buildPhases = (
				543339E91CE58C2100251088 /* Sources */,
				543339EA1CE58C2100251088 /* Frameworks */,
				543339EB1CE58C2100251088 /* Resources */,
			);
			buildRules = (
			);
			dependencies = (
			);
			name = FlappyClone;
			productName = FlappyClone;
			productReference = 543339ED1CE58C2100251088 /* FlappyClone.app */;
			productType = "com.apple.product-type.application";
		};
		54333A041CE58C2100251088 /* FlappyCloneTests */ = {
			isa = PBXNativeTarget;
			buildConfigurationList = 54333A1C1CE58C2100251088 /* Build configuration list for PBXNativeTarget "FlappyCloneTests" */;
			buildPhases = (
				54333A011CE58C2100251088 /* Sources */,
				54333A021CE58C2100251088 /* Frameworks */,
				54333A031CE58C2100251088 /* Resources */,
			);
			buildRules = (
			);
			dependencies = (
				54333A071CE58C2100251088 /* PBXTargetDependency */,
			);
			name = FlappyCloneTests;
			productName = FlappyCloneTests;
			productReference = 54333A051CE58C2100251088 /* FlappyCloneTests.xctest */;
			productType = "com.apple.product-type.bundle.unit-test";
		};
		54333A0F1CE58C2100251088 /* FlappyCloneUITests */ = {
			isa = PBXNativeTarget;
			buildConfigurationList = 54333A1F1CE58C2100251088 /* Build configuration list for PBXNativeTarget "FlappyCloneUITests" */;
			buildPhases = (
				54333A0C1CE58C2100251088 /* Sources */,
				54333A0D1CE58C2100251088 /* Frameworks */,
				54333A0E1CE58C2100251088 /* Resources */,
			);
			buildRules = (
			);
			dependencies = (
				54333A121CE58C2100251088 /* PBXTargetDependency */,
			);
			name = FlappyCloneUITests;
			productName = FlappyCloneUITests;
			productReference = 54333A101CE58C2100251088 /* FlappyCloneUITests.xctest */;
			productType = "com.apple.product-type.bundle.ui-testing";
		};
/* End PBXNativeTarget section */

/* Begin PBXProject section */
		543339E51CE58C2100251088 /* Project object */ = {
			isa = PBXProject;
			attributes = {
				LastSwiftUpdateCheck = 0730;
				LastUpgradeCheck = 0730;
				ORGANIZATIONNAME = "Yesusera Hailu";
				TargetAttributes = {
					543339EC1CE58C2100251088 = {
						CreatedOnToolsVersion = 7.3.1;
					};
					54333A041CE58C2100251088 = {
						CreatedOnToolsVersion = 7.3.1;
						TestTargetID = 543339EC1CE58C2100251088;
					};
					54333A0F1CE58C2100251088 = {
						CreatedOnToolsVersion = 7.3.1;
						TestTargetID = 543339EC1CE58C2100251088;
					};
				};
			};
			buildConfigurationList = 543339E81CE58C2100251088 /* Build configuration list for PBXProject "FlappyClone" */;
			compatibilityVersion = "Xcode 3.2";
			developmentRegion = English;
			hasScannedForEncodings = 0;
			knownRegions = (
				en,
				Base,
			);
			mainGroup = 543339E41CE58C2100251088;
			productRefGroup = 543339EE1CE58C2100251088 /* Products */;
			projectDirPath = "";
			projectRoot = "";
			targets = (
				543339EC1CE58C2100251088 /* FlappyClone */,
				54333A041CE58C2100251088 /* FlappyCloneTests */,
				54333A0F1CE58C2100251088 /* FlappyCloneUITests */,
			);
		};
/* End PBXProject section */

/* Begin PBXResourcesBuildPhase section */
		543339EB1CE58C2100251088 /* Resources */ = {
			isa = PBXResourcesBuildPhase;
			buildActionMask = 2147483647;
			files = (
				543339F31CE58C2100251088 /* GameScene.sks in Resources */,
				543339FF1CE58C2100251088 /* LaunchScreen.storyboard in Resources */,
				543339FC1CE58C2100251088 /* Assets.xcassets in Resources */,
				543339FA1CE58C2100251088 /* Main.storyboard in Resources */,
			);
			runOnlyForDeploymentPostprocessing = 0;
		};
		54333A031CE58C2100251088 /* Resources */ = {
			isa = PBXResourcesBuildPhase;
			buildActionMask = 2147483647;
			files = (
			);
			runOnlyForDeploymentPostprocessing = 0;
		};
		54333A0E1CE58C2100251088 /* Resources */ = {
			isa = PBXResourcesBuildPhase;
			buildActionMask = 2147483647;
			files = (
			);
			runOnlyForDeploymentPostprocessing = 0;
		};
/* End PBXResourcesBuildPhase section */

/* Begin PBXSourcesBuildPhase section */
		543339E91CE58C2100251088 /* Sources */ = {
			isa = PBXSourcesBuildPhase;
			buildActionMask = 2147483647;
			files = (
				543339F51CE58C2100251088 /* GameScene.swift in Sources */,
				543339F71CE58C2100251088 /* GameViewController.swift in Sources */,
				54AD09B41CE6569E003EFA8E /* RandomFunction.swift in Sources */,
				543339F11CE58C2100251088 /* AppDelegate.swift in Sources */,
			);
			runOnlyForDeploymentPostprocessing = 0;
		};
		54333A011CE58C2100251088 /* Sources */ = {
			isa = PBXSourcesBuildPhase;
			buildActionMask = 2147483647;
			files = (
				54333A0A1CE58C2100251088 /* FlappyCloneTests.swift in Sources */,
			);
			runOnlyForDeploymentPostprocessing = 0;
		};
		54333A0C1CE58C2100251088 /* Sources */ = {
			isa = PBXSourcesBuildPhase;
			buildActionMask = 2147483647;
			files = (
				54333A151CE58C2100251088 /* FlappyCloneUITests.swift in Sources */,
			);
			runOnlyForDeploymentPostprocessing = 0;
		};
/* End PBXSourcesBuildPhase section */

/* Begin PBXTargetDependency section */
		54333A071CE58C2100251088 /* PBXTargetDependency */ = {
			isa = PBXTargetDependency;
			target = 543339EC1CE58C2100251088 /* FlappyClone */;
			targetProxy = 54333A061CE58C2100251088 /* PBXContainerItemProxy */;
		};
		54333A121CE58C2100251088 /* PBXTargetDependency */ = {
			isa = PBXTargetDependency;
			target = 543339EC1CE58C2100251088 /* FlappyClone */;
			targetProxy = 54333A111CE58C2100251088 /* PBXContainerItemProxy */;
		};
/* End PBXTargetDependency section */

/* Begin PBXVariantGroup section */
		543339F81CE58C2100251088 /* Main.storyboard */ = {
			isa = PBXVariantGroup;
			children = (
				543339F91CE58C2100251088 /* Base */,
			);
			name = Main.storyboard;
			sourceTree = "<group>";
		};
		543339FD1CE58C2100251088 /* LaunchScreen.storyboard */ = {
			isa = PBXVariantGroup;
			children = (
				543339FE1CE58C2100251088 /* Base */,
			);
			name = LaunchScreen.storyboard;
			sourceTree = "<group>";
		};
/* End PBXVariantGroup section */

/* Begin XCBuildConfiguration section */
		54333A171CE58C2100251088 /* Debug */ = {
			isa = XCBuildConfiguration;
			buildSettings = {
				ALWAYS_SEARCH_USER_PATHS = NO;
				CLANG_ANALYZER_NONNULL = YES;
				CLANG_CXX_LANGUAGE_STANDARD = "gnu++0x";
				CLANG_CXX_LIBRARY = "libc++";
				CLANG_ENABLE_MODULES = YES;
				CLANG_ENABLE_OBJC_ARC = YES;
				CLANG_WARN_BOOL_CONVERSION = YES;
				CLANG_WARN_CONSTANT_CONVERSION = YES;
				CLANG_WARN_DIRECT_OBJC_ISA_USAGE = YES_ERROR;
				CLANG_WARN_EMPTY_BODY = YES;
				CLANG_WARN_ENUM_CONVERSION = YES;
				CLANG_WARN_INT_CONVERSION = YES;
				CLANG_WARN_OBJC_ROOT_CLASS = YES_ERROR;
				CLANG_WARN_UNREACHABLE_CODE = YES;
				CLANG_WARN__DUPLICATE_METHOD_MATCH = YES;
				"CODE_SIGN_IDENTITY[sdk=iphoneos*]" = "iPhone Developer";
				COPY_PHASE_STRIP = NO;
				DEBUG_INFORMATION_FORMAT = "dwarf-with-dsym";
				ENABLE_STRICT_OBJC_MSGSEND = YES;
				ENABLE_TESTABILITY = YES;
				GCC_C_LANGUAGE_STANDARD = gnu99;
				GCC_DYNAMIC_NO_PIC = NO;
				GCC_NO_COMMON_BLOCKS = YES;
				GCC_OPTIMIZATION_LEVEL = 0;
				GCC_PREPROCESSOR_DEFINITIONS = (
					"DEBUG=1",
					"$(inherited)",
				);
				GCC_WARN_64_TO_32_BIT_CONVERSION = YES;
				GCC_WARN_ABOUT_RETURN_TYPE = YES_ERROR;
				GCC_WARN_UNDECLARED_SELECTOR = YES;
				GCC_WARN_UNINITIALIZED_AUTOS = YES_AGGRESSIVE;
				GCC_WARN_UNUSED_FUNCTION = YES;
				GCC_WARN_UNUSED_VARIABLE = YES;
				IPHONEOS_DEPLOYMENT_TARGET = 9.3;
				MTL_ENABLE_DEBUG_INFO = YES;
				ONLY_ACTIVE_ARCH = YES;
				SDKROOT = iphoneos;
				SWIFT_OPTIMIZATION_LEVEL = "-Onone";
				TARGETED_DEVICE_FAMILY = "1,2";
			};
			name = Debug;
		};
		54333A181CE58C2100251088 /* Release */ = {
			isa = XCBuildConfiguration;
			buildSettings = {
				ALWAYS_SEARCH_USER_PATHS = NO;
				CLANG_ANALYZER_NONNULL = YES;
				CLANG_CXX_LANGUAGE_STANDARD = "gnu++0x";
				CLANG_CXX_LIBRARY = "libc++";
				CLANG_ENABLE_MODULES = YES;
				CLANG_ENABLE_OBJC_ARC = YES;
				CLANG_WARN_BOOL_CONVERSION = YES;
				CLANG_WARN_CONSTANT_CONVERSION = YES;
				CLANG_WARN_DIRECT_OBJC_ISA_USAGE = YES_ERROR;
				CLANG_WARN_EMPTY_BODY = YES;
				CLANG_WARN_ENUM_CONVERSION = YES;
				CLANG_WARN_INT_CONVERSION = YES;
				CLANG_WARN_OBJC_ROOT_CLASS = YES_ERROR;
				CLANG_WARN_UNREACHABLE_CODE = YES;
				CLANG_WARN__DUPLICATE_METHOD_MATCH = YES;
				"CODE_SIGN_IDENTITY[sdk=iphoneos*]" = "iPhone Developer";
				COPY_PHASE_STRIP = NO;
				DEBUG_INFORMATION_FORMAT = "dwarf-with-dsym";
				ENABLE_NS_ASSERTIONS = NO;
				ENABLE_STRICT_OBJC_MSGSEND = YES;
				GCC_C_LANGUAGE_STANDARD = gnu99;
				GCC_NO_COMMON_BLOCKS = YES;
				GCC_WARN_64_TO_32_BIT_CONVERSION = YES;
				GCC_WARN_ABOUT_RETURN_TYPE = YES_ERROR;
				GCC_WARN_UNDECLARED_SELECTOR = YES;
				GCC_WARN_UNINITIALIZED_AUTOS = YES_AGGRESSIVE;
				GCC_WARN_UNUSED_FUNCTION = YES;
				GCC_WARN_UNUSED_VARIABLE = YES;
				IPHONEOS_DEPLOYMENT_TARGET = 9.3;
				MTL_ENABLE_DEBUG_INFO = NO;
				SDKROOT = iphoneos;
				TARGETED_DEVICE_FAMILY = "1,2";
				VALIDATE_PRODUCT = YES;
			};
			name = Release;
		};
		54333A1A1CE58C2100251088 /* Debug */ = {
			isa = XCBuildConfiguration;
			buildSettings = {
				ASSETCATALOG_COMPILER_APPICON_NAME = AppIcon;
				INFOPLIST_FILE = FlappyClone/Info.plist;
				LD_RUNPATH_SEARCH_PATHS = "$(inherited) @executable_path/Frameworks";
				PRODUCT_BUNDLE_IDENTIFIER = "Hailu-industries.FlappyClone";
				PRODUCT_NAME = "$(TARGET_NAME)";
			};
			name = Debug;
		};
		54333A1B1CE58C2100251088 /* Release */ = {
			isa = XCBuildConfiguration;
			buildSettings = {
				ASSETCATALOG_COMPILER_APPICON_NAME = AppIcon;
				INFOPLIST_FILE = FlappyClone/Info.plist;
				LD_RUNPATH_SEARCH_PATHS = "$(inherited) @executable_path/Frameworks";
				PRODUCT_BUNDLE_IDENTIFIER = "Hailu-industries.FlappyClone";
				PRODUCT_NAME = "$(TARGET_NAME)";
			};
			name = Release;
		};
		54333A1D1CE58C2100251088 /* Debug */ = {
			isa = XCBuildConfiguration;
			buildSettings = {
				BUNDLE_LOADER = "$(TEST_HOST)";
				DEBUG_INFORMATION_FORMAT = dwarf;
				INFOPLIST_FILE = FlappyCloneTests/Info.plist;
				LD_RUNPATH_SEARCH_PATHS = "$(inherited) @executable_path/Frameworks @loader_path/Frameworks";
				PRODUCT_BUNDLE_IDENTIFIER = "Hailu-industries.FlappyCloneTests";
				PRODUCT_NAME = "$(TARGET_NAME)";
				TEST_HOST = "$(BUILT_PRODUCTS_DIR)/FlappyClone.app/FlappyClone";
			};
			name = Debug;
		};
		54333A1E1CE58C2100251088 /* Release */ = {
			isa = XCBuildConfiguration;
			buildSettings = {
				BUNDLE_LOADER = "$(TEST_HOST)";
				INFOPLIST_FILE = FlappyCloneTests/Info.plist;
				LD_RUNPATH_SEARCH_PATHS = "$(inherited) @executable_path/Frameworks @loader_path/Frameworks";
				PRODUCT_BUNDLE_IDENTIFIER = "Hailu-industries.FlappyCloneTests";
				PRODUCT_NAME = "$(TARGET_NAME)";
				TEST_HOST = "$(BUILT_PRODUCTS_DIR)/FlappyClone.app/FlappyClone";
			};
			name = Release;
		};
		54333A201CE58C2100251088 /* Debug */ = {
			isa = XCBuildConfiguration;
			buildSettings = {
				DEBUG_INFORMATION_FORMAT = dwarf;
				INFOPLIST_FILE = FlappyCloneUITests/Info.plist;
				LD_RUNPATH_SEARCH_PATHS = "$(inherited) @executable_path/Frameworks @loader_path/Frameworks";
				PRODUCT_BUNDLE_IDENTIFIER = "Hailu-industries.FlappyCloneUITests";
				PRODUCT_NAME = "$(TARGET_NAME)";
				TEST_TARGET_NAME = FlappyClone;
			};
			name = Debug;
		};
		54333A211CE58C2100251088 /* Release */ = {
			isa = XCBuildConfiguration;
			buildSettings = {
				INFOPLIST_FILE = FlappyCloneUITests/Info.plist;
				LD_RUNPATH_SEARCH_PATHS = "$(inherited) @executable_path/Frameworks @loader_path/Frameworks";
				PRODUCT_BUNDLE_IDENTIFIER = "Hailu-industries.FlappyCloneUITests";
				PRODUCT_NAME = "$(TARGET_NAME)";
				TEST_TARGET_NAME = FlappyClone;
			};
			name = Release;
		};
/* End XCBuildConfiguration section */

/* Begin XCConfigurationList section */
		543339E81CE58C2100251088 /* Build configuration list for PBXProject "FlappyClone" */ = {
			isa = XCConfigurationList;
			buildConfigurations = (
				54333A171CE58C2100251088 /* Debug */,
				54333A181CE58C2100251088 /* Release */,
			);
			defaultConfigurationIsVisible = 0;
			defaultConfigurationName = Release;
		};
		54333A191CE58C2100251088 /* Build configuration list for PBXNativeTarget "FlappyClone" */ = {
			isa = XCConfigurationList;
			buildConfigurations = (
				54333A1A1CE58C2100251088 /* Debug */,
				54333A1B1CE58C2100251088 /* Release */,
			);
			defaultConfigurationIsVisible = 0;
			defaultConfigurationName = Release;
		};
		54333A1C1CE58C2100251088 /* Build configuration list for PBXNativeTarget "FlappyCloneTests" */ = {
			isa = XCConfigurationList;
			buildConfigurations = (
				54333A1D1CE58C2100251088 /* Debug */,
				54333A1E1CE58C2100251088 /* Release */,
			);
			defaultConfigurationIsVisible = 0;
			defaultConfigurationName = Release;
		};
		54333A1F1CE58C2100251088 /* Build configuration list for PBXNativeTarget "FlappyCloneUITests" */ = {
			isa = XCConfigurationList;
			buildConfigurations = (
				54333A201CE58C2100251088 /* Debug */,
				54333A211CE58C2100251088 /* Release */,
			);
			defaultConfigurationIsVisible = 0;
			defaultConfigurationName = Release;
		};
/* End XCConfigurationList section */
	};
	rootObject = 543339E51CE58C2100251088 /* Project object */;
}
